
Microsoft Visual Studio Solution File, Format Version 12.00
# Visual Studio Version 17
VisualStudioVersion = 17.0.31903.59
MinimumVisualStudioVersion = 10.0.40219.1
Project("{2150E333-8FDC-42A3-9474-1A3956D46DE8}") = "src", "src", "{827E0CD3-B72D-47B6-A68D-7590B98EB39B}"
EndProject
Project("{FAE04EC0-301F-11D3-BF4B-00C04F79EFBC}") = "MasLazu.AspNet.Authentication.Password", "src\MasLazu.AspNet.Authentication.Password\MasLazu.AspNet.Authentication.Password.csproj", "{F8DD597C-33A4-4DA5-8222-F55BBF87D08B}"
EndProject
Project("{FAE04EC0-301F-11D3-BF4B-00C04F79EFBC}") = "MasLazu.AspNet.Authentication.Password.Abstraction", "src\MasLazu.AspNet.Authentication.Password.Abstraction\MasLazu.AspNet.Authentication.Password.Abstraction.csproj", "{6A507634-1F4A-464A-B4E7-BA24AB4840FF}"
EndProject
Project("{FAE04EC0-301F-11D3-BF4B-00C04F79EFBC}") = "MasLazu.AspNet.Authentication.Password.Domain", "src\MasLazu.AspNet.Authentication.Password.Domain\MasLazu.AspNet.Authentication.Password.Domain.csproj", "{5937162E-C9AA-44DB-8076-D9229E9DE544}"
EndProject
Project("{FAE04EC0-301F-11D3-BF4B-00C04F79EFBC}") = "MasLazu.AspNet.Authentication.Password.Endpoint", "src\MasLazu.AspNet.Authentication.Password.Endpoint\MasLazu.AspNet.Authentication.Password.Endpoint.csproj", "{C492F0E3-B91C-4308-9F82-807778CAC1F6}"
EndProject
Project("{FAE04EC0-301F-11D3-BF4B-00C04F79EFBC}") = "MasLazu.AspNet.Authentication.Password.EfCore", "src\MasLazu.AspNet.Authentication.Password.EfCore\MasLazu.AspNet.Authentication.Password.EfCore.csproj", "{11D00C5C-5040-4723-A9D0-A316E7BA1A19}"
EndProject
Global
	GlobalSection(SolutionConfigurationPlatforms) = preSolution
		Debug|Any CPU = Debug|Any CPU
		Debug|x64 = Debug|x64
		Debug|x86 = Debug|x86
		Release|Any CPU = Release|Any CPU
		Release|x64 = Release|x64
		Release|x86 = Release|x86
	EndGlobalSection
	GlobalSection(ProjectConfigurationPlatforms) = postSolution
		{F8DD597C-33A4-4DA5-8222-F55BBF87D08B}.Debug|Any CPU.ActiveCfg = Debug|Any CPU
		{F8DD597C-33A4-4DA5-8222-F55BBF87D08B}.Debug|Any CPU.Build.0 = Debug|Any CPU
		{F8DD597C-33A4-4DA5-8222-F55BBF87D08B}.Debug|x64.ActiveCfg = Debug|Any CPU
		{F8DD597C-33A4-4DA5-8222-F55BBF87D08B}.Debug|x64.Build.0 = Debug|Any CPU
		{F8DD597C-33A4-4DA5-8222-F55BBF87D08B}.Debug|x86.ActiveCfg = Debug|Any CPU
		{F8DD597C-33A4-4DA5-8222-F55BBF87D08B}.Debug|x86.Build.0 = Debug|Any CPU
		{F8DD597C-33A4-4DA5-8222-F55BBF87D08B}.Release|Any CPU.ActiveCfg = Release|Any CPU
		{F8DD597C-33A4-4DA5-8222-F55BBF87D08B}.Release|Any CPU.Build.0 = Release|Any CPU
		{F8DD597C-33A4-4DA5-8222-F55BBF87D08B}.Release|x64.ActiveCfg = Release|Any CPU
		{F8DD597C-33A4-4DA5-8222-F55BBF87D08B}.Release|x64.Build.0 = Release|Any CPU
		{F8DD597C-33A4-4DA5-8222-F55BBF87D08B}.Release|x86.ActiveCfg = Release|Any CPU
		{F8DD597C-33A4-4DA5-8222-F55BBF87D08B}.Release|x86.Build.0 = Release|Any CPU
		{6A507634-1F4A-464A-B4E7-BA24AB4840FF}.Debug|Any CPU.ActiveCfg = Debug|Any CPU
		{6A507634-1F4A-464A-B4E7-BA24AB4840FF}.Debug|Any CPU.Build.0 = Debug|Any CPU
		{6A507634-1F4A-464A-B4E7-BA24AB4840FF}.Debug|x64.ActiveCfg = Debug|Any CPU
		{6A507634-1F4A-464A-B4E7-BA24AB4840FF}.Debug|x64.Build.0 = Debug|Any CPU
		{6A507634-1F4A-464A-B4E7-BA24AB4840FF}.Debug|x86.ActiveCfg = Debug|Any CPU
		{6A507634-1F4A-464A-B4E7-BA24AB4840FF}.Debug|x86.Build.0 = Debug|Any CPU
		{6A507634-1F4A-464A-B4E7-BA24AB4840FF}.Release|Any CPU.ActiveCfg = Release|Any CPU
		{6A507634-1F4A-464A-B4E7-BA24AB4840FF}.Release|Any CPU.Build.0 = Release|Any CPU
		{6A507634-1F4A-464A-B4E7-BA24AB4840FF}.Release|x64.ActiveCfg = Release|Any CPU
		{6A507634-1F4A-464A-B4E7-BA24AB4840FF}.Release|x64.Build.0 = Release|Any CPU
		{6A507634-1F4A-464A-B4E7-BA24AB4840FF}.Release|x86.ActiveCfg = Release|Any CPU
		{6A507634-1F4A-464A-B4E7-BA24AB4840FF}.Release|x86.Build.0 = Release|Any CPU
		{5937162E-C9AA-44DB-8076-D9229E9DE544}.Debug|Any CPU.ActiveCfg = Debug|Any CPU
		{5937162E-C9AA-44DB-8076-D9229E9DE544}.Debug|Any CPU.Build.0 = Debug|Any CPU
		{5937162E-C9AA-44DB-8076-D9229E9DE544}.Debug|x64.ActiveCfg = Debug|Any CPU
		{5937162E-C9AA-44DB-8076-D9229E9DE544}.Debug|x64.Build.0 = Debug|Any CPU
		{5937162E-C9AA-44DB-8076-D9229E9DE544}.Debug|x86.ActiveCfg = Debug|Any CPU
		{5937162E-C9AA-44DB-8076-D9229E9DE544}.Debug|x86.Build.0 = Debug|Any CPU
		{5937162E-C9AA-44DB-8076-D9229E9DE544}.Release|Any CPU.ActiveCfg = Release|Any CPU
		{5937162E-C9AA-44DB-8076-D9229E9DE544}.Release|Any CPU.Build.0 = Release|Any CPU
		{5937162E-C9AA-44DB-8076-D9229E9DE544}.Release|x64.ActiveCfg = Release|Any CPU
		{5937162E-C9AA-44DB-8076-D9229E9DE544}.Release|x64.Build.0 = Release|Any CPU
		{5937162E-C9AA-44DB-8076-D9229E9DE544}.Release|x86.ActiveCfg = Release|Any CPU
		{5937162E-C9AA-44DB-8076-D9229E9DE544}.Release|x86.Build.0 = Release|Any CPU
		{C492F0E3-B91C-4308-9F82-807778CAC1F6}.Debug|Any CPU.ActiveCfg = Debug|Any CPU
		{C492F0E3-B91C-4308-9F82-807778CAC1F6}.Debug|Any CPU.Build.0 = Debug|Any CPU
		{C492F0E3-B91C-4308-9F82-807778CAC1F6}.Debug|x64.ActiveCfg = Debug|Any CPU
		{C492F0E3-B91C-4308-9F82-807778CAC1F6}.Debug|x64.Build.0 = Debug|Any CPU
		{C492F0E3-B91C-4308-9F82-807778CAC1F6}.Debug|x86.ActiveCfg = Debug|Any CPU
		{C492F0E3-B91C-4308-9F82-807778CAC1F6}.Debug|x86.Build.0 = Debug|Any CPU
		{C492F0E3-B91C-4308-9F82-807778CAC1F6}.Release|Any CPU.ActiveCfg = Release|Any CPU
		{C492F0E3-B91C-4308-9F82-807778CAC1F6}.Release|Any CPU.Build.0 = Release|Any CPU
		{C492F0E3-B91C-4308-9F82-807778CAC1F6}.Release|x64.ActiveCfg = Release|Any CPU
		{C492F0E3-B91C-4308-9F82-807778CAC1F6}.Release|x64.Build.0 = Release|Any CPU
		{C492F0E3-B91C-4308-9F82-807778CAC1F6}.Release|x86.ActiveCfg = Release|Any CPU
		{C492F0E3-B91C-4308-9F82-807778CAC1F6}.Release|x86.Build.0 = Release|Any CPU
		{11D00C5C-5040-4723-A9D0-A316E7BA1A19}.Debug|Any CPU.ActiveCfg = Debug|Any CPU
		{11D00C5C-5040-4723-A9D0-A316E7BA1A19}.Debug|Any CPU.Build.0 = Debug|Any CPU
		{11D00C5C-5040-4723-A9D0-A316E7BA1A19}.Debug|x64.ActiveCfg = Debug|Any CPU
		{11D00C5C-5040-4723-A9D0-A316E7BA1A19}.Debug|x64.Build.0 = Debug|Any CPU
		{11D00C5C-5040-4723-A9D0-A316E7BA1A19}.Debug|x86.ActiveCfg = Debug|Any CPU
		{11D00C5C-5040-4723-A9D0-A316E7BA1A19}.Debug|x86.Build.0 = Debug|Any CPU
		{11D00C5C-5040-4723-A9D0-A316E7BA1A19}.Release|Any CPU.ActiveCfg = Release|Any CPU
		{11D00C5C-5040-4723-A9D0-A316E7BA1A19}.Release|Any CPU.Build.0 = Release|Any CPU
		{11D00C5C-5040-4723-A9D0-A316E7BA1A19}.Release|x64.ActiveCfg = Release|Any CPU
		{11D00C5C-5040-4723-A9D0-A316E7BA1A19}.Release|x64.Build.0 = Release|Any CPU
		{11D00C5C-5040-4723-A9D0-A316E7BA1A19}.Release|x86.ActiveCfg = Release|Any CPU
		{11D00C5C-5040-4723-A9D0-A316E7BA1A19}.Release|x86.Build.0 = Release|Any CPU
	EndGlobalSection
	GlobalSection(SolutionProperties) = preSolution
		HideSolutionNode = FALSE
	EndGlobalSection
	GlobalSection(NestedProjects) = preSolution
		{F8DD597C-33A4-4DA5-8222-F55BBF87D08B} = {827E0CD3-B72D-47B6-A68D-7590B98EB39B}
		{6A507634-1F4A-464A-B4E7-BA24AB4840FF} = {827E0CD3-B72D-47B6-A68D-7590B98EB39B}
		{5937162E-C9AA-44DB-8076-D9229E9DE544} = {827E0CD3-B72D-47B6-A68D-7590B98EB39B}
		{C492F0E3-B91C-4308-9F82-807778CAC1F6} = {827E0CD3-B72D-47B6-A68D-7590B98EB39B}
		{11D00C5C-5040-4723-A9D0-A316E7BA1A19} = {827E0CD3-B72D-47B6-A68D-7590B98EB39B}
	EndGlobalSection
EndGlobal
